<?xml version="1.0" encoding="utf-8"?>
<Project ToolsVersion="4.0" xmlns="http://schemas.microsoft.com/developer/msbuild/2003">
  <ItemGroup>
    <Filter Include="Source Files">
      <UniqueIdentifier>{4FC737F1-C7A5-4376-A066-2A32D752A2FF}</UniqueIdentifier>
      <Extensions>cpp;cxx;c;def</Extensions>
    </Filter>
    <Filter Include="Header Files">
      <UniqueIdentifier>{93995380-89BD-4b04-88EB-625FBE52EBFB}</UniqueIdentifier>
      <Extensions>h</Extensions>
    </Filter>
    <Filter Include="Form Files">
      <UniqueIdentifier>{99349809-55BA-4b9d-BF79-8FDBB0286EB3}</UniqueIdentifier>
      <Extensions>ui</Extensions>
    </Filter>
    <Filter Include="Resource Files">
      <UniqueIdentifier>{D9D6E242-F8AF-46E4-B9FD-80ECBC20BA3E}</UniqueIdentifier>
      <Extensions>qrc;*</Extensions>
      <ParseFiles>false</ParseFiles>
    </Filter>
    <Filter Include="login">
      <UniqueIdentifier>{45269305-0d90-40b7-bac5-537ed2a10d2a}</UniqueIdentifier>
    </Filter>
    <Filter Include="chatCenter">
      <UniqueIdentifier>{d7cbf6cf-d0e8-43c9-bc65-10a7233c751b}</UniqueIdentifier>
    </Filter>
    <Filter Include="Header Files\General">
      <UniqueIdentifier>{13b1c49e-8988-4f22-a73d-31523750765f}</UniqueIdentifier>
    </Filter>
    <Filter Include="Source Files\General">
      <UniqueIdentifier>{707cb587-2947-4fe1-be39-5d2280bda1da}</UniqueIdentifier>
    </Filter>
    <Filter Include="Master">
      <UniqueIdentifier>{64033c9b-2aad-4acb-b268-4603cb7563ab}</UniqueIdentifier>
    </Filter>
    <Filter Include="chatCenter\Generated Files">
      <UniqueIdentifier>{71ED8ED8-ACB9-4CE9-BBE1-E00B30144E11}</UniqueIdentifier>
      <Extensions>moc;h;cpp</Extensions>
      <SourceControlFiles>False</SourceControlFiles>
    </Filter>
    <Filter Include="chatCenter\Generated Files\Debug">
      <UniqueIdentifier>{6d133449-2cf7-426c-a99d-bf4676a3781c}</UniqueIdentifier>
      <Extensions>cpp;moc</Extensions>
      <SourceControlFiles>False</SourceControlFiles>
    </Filter>
    <Filter Include="chatCenter\Generated Files\Release">
      <UniqueIdentifier>{df92fb02-68f7-4428-8f74-d7dfc0a54f50}</UniqueIdentifier>
      <Extensions>cpp;moc</Extensions>
      <SourceControlFiles>False</SourceControlFiles>
    </Filter>
  </ItemGroup>
  <ItemGroup>
    <ClCompile Include="main.cpp">
      <Filter>Source Files</Filter>
    </ClCompile>
    <ClCompile Include="login\login.cpp">
      <Filter>login</Filter>
    </ClCompile>
    <ClCompile Include="GeneratedFiles\Debug\moc_login.cpp">
      <Filter>chatCenter\Generated Files\Debug</Filter>
    </ClCompile>
    <ClCompile Include="GeneratedFiles\Release\moc_login.cpp">
      <Filter>chatCenter\Generated Files\Release</Filter>
    </ClCompile>
    <ClCompile Include="GeneratedFiles\Debug\moc_chatWidget.cpp">
      <Filter>chatCenter\Generated Files\Debug</Filter>
    </ClCompile>
    <ClCompile Include="GeneratedFiles\Release\moc_chatWidget.cpp">
      <Filter>chatCenter\Generated Files\Release</Filter>
    </ClCompile>
    <ClCompile Include="chatCenter\chatWidget.cpp">
      <Filter>chatCenter</Filter>
    </ClCompile>
    <ClCompile Include="GeneratedFiles\Debug\moc_person.cpp">
      <Filter>chatCenter\Generated Files\Debug</Filter>
    </ClCompile>
    <ClCompile Include="GeneratedFiles\Release\moc_person.cpp">
      <Filter>chatCenter\Generated Files\Release</Filter>
    </ClCompile>
    <ClCompile Include="chatCenter\person.cpp">
      <Filter>chatCenter</Filter>
    </ClCompile>
    <ClCompile Include="GeneratedFiles\Debug\moc_chatCenter.cpp">
      <Filter>chatCenter\Generated Files\Debug</Filter>
    </ClCompile>
    <ClCompile Include="GeneratedFiles\Release\moc_chatCenter.cpp">
      <Filter>chatCenter\Generated Files\Release</Filter>
    </ClCompile>
    <ClCompile Include="chatCenter\chatCenter.cpp">
      <Filter>chatCenter</Filter>
    </ClCompile>
    <ClCompile Include="GeneratedFiles\Debug\moc_chatGroup.cpp">
      <Filter>chatCenter\Generated Files\Debug</Filter>
    </ClCompile>
    <ClCompile Include="GeneratedFiles\Release\moc_chatGroup.cpp">
      <Filter>chatCenter\Generated Files\Release</Filter>
    </ClCompile>
    <ClCompile Include="chatCenter\chatGroup.cpp">
      <Filter>chatCenter</Filter>
    </ClCompile>
    <ClCompile Include="GeneratedFiles\Debug\moc_CompleteLineEdit.cpp">
      <Filter>chatCenter\Generated Files\Debug</Filter>
    </ClCompile>
    <ClCompile Include="GeneratedFiles\Release\moc_CompleteLineEdit.cpp">
      <Filter>chatCenter\Generated Files\Release</Filter>
    </ClCompile>
    <ClCompile Include="GeneratedFiles\Debug\moc_LineEditWithButton.cpp">
      <Filter>chatCenter\Generated Files\Debug</Filter>
    </ClCompile>
    <ClCompile Include="GeneratedFiles\Release\moc_LineEditWithButton.cpp">
      <Filter>chatCenter\Generated Files\Release</Filter>
    </ClCompile>
    <ClCompile Include="General\CompleteLineEdit.cpp">
      <Filter>Source Files\General</Filter>
    </ClCompile>
    <ClCompile Include="General\LineEditWithButton.cpp">
      <Filter>Source Files\General</Filter>
    </ClCompile>
    <ClCompile Include="GeneratedFiles\qrc_res.cpp">
      <Filter>chatCenter\Generated Files</Filter>
    </ClCompile>
    <ClCompile Include="VideoVM\interviewWidget.cpp">
      <Filter>Source Files</Filter>
    </ClCompile>
    <ClCompile Include="GeneratedFiles\Debug\moc_interviewWidget.cpp">
      <Filter>chatCenter\Generated Files\Debug</Filter>
    </ClCompile>
    <ClCompile Include="GeneratedFiles\Release\moc_interviewWidget.cpp">
      <Filter>chatCenter\Generated Files\Release</Filter>
    </ClCompile>
    <ClCompile Include="General\ReadFileContent.cpp">
      <Filter>Source Files\General</Filter>
    </ClCompile>
    <ClCompile Include="GeneratedFiles\Debug\moc_MasterController.cpp">
      <Filter>chatCenter\Generated Files\Debug</Filter>
    </ClCompile>
    <ClCompile Include="GeneratedFiles\Release\moc_MasterController.cpp">
      <Filter>chatCenter\Generated Files\Release</Filter>
    </ClCompile>
    <ClCompile Include="Master\RecvThread.cpp">
      <Filter>Master</Filter>
    </ClCompile>
    <ClCompile Include="GeneratedFiles\Debug\moc_RecvThread.cpp">
      <Filter>chatCenter\Generated Files\Debug</Filter>
    </ClCompile>
    <ClCompile Include="GeneratedFiles\Release\moc_RecvThread.cpp">
      <Filter>chatCenter\Generated Files\Release</Filter>
    </ClCompile>
    <ClCompile Include="Master\SendThread.cpp">
      <Filter>Master</Filter>
    </ClCompile>
    <ClCompile Include="GeneratedFiles\Debug\moc_SendThread.cpp">
      <Filter>chatCenter\Generated Files\Debug</Filter>
    </ClCompile>
    <ClCompile Include="GeneratedFiles\Release\moc_SendThread.cpp">
      <Filter>chatCenter\Generated Files\Release</Filter>
    </ClCompile>
    <ClCompile Include="Master\MasterController.cpp">
      <Filter>Master</Filter>
    </ClCompile>
  </ItemGroup>
  <ItemGroup>
    <CustomBuild Include="login\login.h">
      <Filter>login</Filter>
    </CustomBuild>
    <CustomBuild Include="chatCenter\chatWidget.h">
      <Filter>chatCenter</Filter>
    </CustomBuild>
    <CustomBuild Include="chatCenter\person.h">
      <Filter>chatCenter</Filter>
    </CustomBuild>
    <CustomBuild Include="chatCenter\chatCenter.h">
      <Filter>chatCenter</Filter>
    </CustomBuild>
    <CustomBuild Include="chatCenter\chatGroup.h">
      <Filter>chatCenter</Filter>
    </CustomBuild>
    <CustomBuild Include="General\LineEditWithButton.h">
      <Filter>Header Files\General</Filter>
    </CustomBuild>
    <CustomBuild Include="General\CompleteLineEdit.h">
      <Filter>Header Files\General</Filter>
    </CustomBuild>
    <CustomBuild Include="res.qrc">
      <Filter>Resource Files</Filter>
    </CustomBuild>
    <CustomBuild Include="login\login.ui">
      <Filter>Form Files</Filter>
    </CustomBuild>
    <CustomBuild Include="chatCenter\chatWidget.ui">
      <Filter>Form Files</Filter>
    </CustomBuild>
    <CustomBuild Include="chatCenter\person.ui">
      <Filter>Form Files</Filter>
    </CustomBuild>
    <CustomBuild Include="VideoVM\interviewWidget.h">
      <Filter>Header Files</Filter>
    </CustomBuild>
    <CustomBuild Include="VideoVM\interviewWidget.ui">
      <Filter>Form Files</Filter>
    </CustomBuild>
    <CustomBuild Include="Master\RecvThread.h">
      <Filter>Master</Filter>
    </CustomBuild>
    <CustomBuild Include="Master\SendThread.h">
      <Filter>Master</Filter>
    </CustomBuild>
    <CustomBuild Include="Master\MasterController.h">
      <Filter>Master</Filter>
    </CustomBuild>
  </ItemGroup>
  <ItemGroup>
    <ClInclude Include="GeneratedFiles\ui_login.h">
      <Filter>chatCenter\Generated Files</Filter>
    </ClInclude>
    <ClInclude Include="GeneratedFiles\ui_chatWidget.h">
      <Filter>chatCenter\Generated Files</Filter>
    </ClInclude>
    <ClInclude Include="GeneratedFiles\ui_person.h">
      <Filter>chatCenter\Generated Files</Filter>
    </ClInclude>
    <ClInclude Include="resource.h">
      <Filter>Header Files</Filter>
    </ClInclude>
    <ClInclude Include="GeneratedFiles\ui_interviewWidget.h">
      <Filter>chatCenter\Generated Files</Filter>
    </ClInclude>
    <ClInclude Include="General\ReadFileContent.h">
      <Filter>Header Files\General</Filter>
    </ClInclude>
  </ItemGroup>
  <ItemGroup>
    <ResourceCompile Include="recruitment.rc" />
  </ItemGroup>
</Project>